
Microsoft Visual Studio Solution File, Format Version 12.00
# Visual Studio 15
VisualStudioVersion = 15.0.27130.2003
MinimumVisualStudioVersion = 10.0.40219.1
Project("{FAE04EC0-301F-11D3-BF4B-00C04F79EFBC}") = "NavbarSearchDemo.Android", "NavbarSearchDemo\NavbarSearchDemo.Android\NavbarSearchDemo.Android.csproj", "{02C25215-B16D-4324-B08C-FA96EC712C8C}"
EndProject
Project("{FAE04EC0-301F-11D3-BF4B-00C04F79EFBC}") = "NavbarSearchDemo", "NavbarSearchDemo\NavbarSearchDemo\NavbarSearchDemo.csproj", "{ABF9502B-BF41-4E61-BE52-C1763CB76736}"
EndProject
Global
	GlobalSection(SolutionConfigurationPlatforms) = preSolution
		Debug|Any CPU = Debug|Any CPU
		Release|Any CPU = Release|Any CPU
	EndGlobalSection
	GlobalSection(ProjectConfigurationPlatforms) = postSolution
		{02C25215-B16D-4324-B08C-FA96EC712C8C}.Debug|Any CPU.ActiveCfg = Debug|Any CPU
		{02C25215-B16D-4324-B08C-FA96EC712C8C}.Debug|Any CPU.Build.0 = Debug|Any CPU
		{02C25215-B16D-4324-B08C-FA96EC712C8C}.Debug|Any CPU.Deploy.0 = Debug|Any CPU
		{02C25215-B16D-4324-B08C-FA96EC712C8C}.Release|Any CPU.ActiveCfg = Release|Any CPU
		{02C25215-B16D-4324-B08C-FA96EC712C8C}.Release|Any CPU.Build.0 = Release|Any CPU
		{02C25215-B16D-4324-B08C-FA96EC712C8C}.Release|Any CPU.Deploy.0 = Release|Any CPU
		{ABF9502B-BF41-4E61-BE52-C1763CB76736}.Debug|Any CPU.ActiveCfg = Debug|Any CPU
		{ABF9502B-BF41-4E61-BE52-C1763CB76736}.Debug|Any CPU.Build.0 = Debug|Any CPU
		{ABF9502B-BF41-4E61-BE52-C1763CB76736}.Release|Any CPU.ActiveCfg = Release|Any CPU
		{ABF9502B-BF41-4E61-BE52-C1763CB76736}.Release|Any CPU.Build.0 = Release|Any CPU
	EndGlobalSection
	GlobalSection(SolutionProperties) = preSolution
		HideSolutionNode = FALSE
	EndGlobalSection
	GlobalSection(ExtensibilityGlobals) = postSolution
		SolutionGuid = {1F821C4B-C5FF-41FA-BC51-90756AAC1196}
	EndGlobalSection
EndGlobal
